
Microsoft Visual Studio Solution File, Format Version 12.00
# Visual Studio 2013
VisualStudioVersion = 12.0.30723.0
MinimumVisualStudioVersion = 10.0.40219.1
Project("{FAE04EC0-301F-11D3-BF4B-00C04F79EFBC}") = "Foro.DataAccess", "Foro.DataAccess\Foro.DataAccess.csproj", "{B890352C-F5AB-45BA-A9A0-21D9370EFE13}"
EndProject
Project("{FAE04EC0-301F-11D3-BF4B-00C04F79EFBC}") = "Foro.Business", "Foro.Business\Foro.Business.csproj", "{D017715D-C368-45F4-B193-D0218264180A}"
EndProject
Project("{FAE04EC0-301F-11D3-BF4B-00C04F79EFBC}") = "Foro.Dto", "Foro.Dto\Foro.Dto.csproj", "{46281C73-1602-4230-8E43-BCB6784F6AAF}"
EndProject
Project("{FAE04EC0-301F-11D3-BF4B-00C04F79EFBC}") = "Foro.WebApi", "Foro.WebApi\Foro.WebApi.csproj", "{3A069003-A24E-4FF1-AE8C-2181C35B3027}"
EndProject
Project("{FAE04EC0-301F-11D3-BF4B-00C04F79EFBC}") = "Foro.Mvc", "Foro.Mvc\Foro.Mvc.csproj", "{ECA381CF-48B1-43D2-9C61-BFF9793C2C3E}"
EndProject
Project("{FAE04EC0-301F-11D3-BF4B-00C04F79EFBC}") = "Foro.Entity", "Foro.Entity\Foro.Entity.csproj", "{2E80B1A0-6702-4A76-AAEE-CEABC72CFDBE}"
EndProject
Global
	GlobalSection(SolutionConfigurationPlatforms) = preSolution
		Debug|Any CPU = Debug|Any CPU
		Release|Any CPU = Release|Any CPU
	EndGlobalSection
	GlobalSection(ProjectConfigurationPlatforms) = postSolution
		{B890352C-F5AB-45BA-A9A0-21D9370EFE13}.Debug|Any CPU.ActiveCfg = Debug|Any CPU
		{B890352C-F5AB-45BA-A9A0-21D9370EFE13}.Debug|Any CPU.Build.0 = Debug|Any CPU
		{B890352C-F5AB-45BA-A9A0-21D9370EFE13}.Release|Any CPU.ActiveCfg = Release|Any CPU
		{B890352C-F5AB-45BA-A9A0-21D9370EFE13}.Release|Any CPU.Build.0 = Release|Any CPU
		{D017715D-C368-45F4-B193-D0218264180A}.Debug|Any CPU.ActiveCfg = Debug|Any CPU
		{D017715D-C368-45F4-B193-D0218264180A}.Debug|Any CPU.Build.0 = Debug|Any CPU
		{D017715D-C368-45F4-B193-D0218264180A}.Release|Any CPU.ActiveCfg = Release|Any CPU
		{D017715D-C368-45F4-B193-D0218264180A}.Release|Any CPU.Build.0 = Release|Any CPU
		{46281C73-1602-4230-8E43-BCB6784F6AAF}.Debug|Any CPU.ActiveCfg = Debug|Any CPU
		{46281C73-1602-4230-8E43-BCB6784F6AAF}.Debug|Any CPU.Build.0 = Debug|Any CPU
		{46281C73-1602-4230-8E43-BCB6784F6AAF}.Release|Any CPU.ActiveCfg = Release|Any CPU
		{46281C73-1602-4230-8E43-BCB6784F6AAF}.Release|Any CPU.Build.0 = Release|Any CPU
		{3A069003-A24E-4FF1-AE8C-2181C35B3027}.Debug|Any CPU.ActiveCfg = Debug|Any CPU
		{3A069003-A24E-4FF1-AE8C-2181C35B3027}.Debug|Any CPU.Build.0 = Debug|Any CPU
		{3A069003-A24E-4FF1-AE8C-2181C35B3027}.Release|Any CPU.ActiveCfg = Release|Any CPU
		{3A069003-A24E-4FF1-AE8C-2181C35B3027}.Release|Any CPU.Build.0 = Release|Any CPU
		{ECA381CF-48B1-43D2-9C61-BFF9793C2C3E}.Debug|Any CPU.ActiveCfg = Debug|Any CPU
		{ECA381CF-48B1-43D2-9C61-BFF9793C2C3E}.Debug|Any CPU.Build.0 = Debug|Any CPU
		{ECA381CF-48B1-43D2-9C61-BFF9793C2C3E}.Release|Any CPU.ActiveCfg = Release|Any CPU
		{ECA381CF-48B1-43D2-9C61-BFF9793C2C3E}.Release|Any CPU.Build.0 = Release|Any CPU
		{2E80B1A0-6702-4A76-AAEE-CEABC72CFDBE}.Debug|Any CPU.ActiveCfg = Debug|Any CPU
		{2E80B1A0-6702-4A76-AAEE-CEABC72CFDBE}.Debug|Any CPU.Build.0 = Debug|Any CPU
		{2E80B1A0-6702-4A76-AAEE-CEABC72CFDBE}.Release|Any CPU.ActiveCfg = Release|Any CPU
		{2E80B1A0-6702-4A76-AAEE-CEABC72CFDBE}.Release|Any CPU.Build.0 = Release|Any CPU
	EndGlobalSection
	GlobalSection(SolutionProperties) = preSolution
		HideSolutionNode = FALSE
	EndGlobalSection
EndGlobal
